
Microsoft Visual Studio Solution File, Format Version 12.00
# Visual Studio 15
VisualStudioVersion = 15.0.27428.2043
MinimumVisualStudioVersion = 10.0.40219.1
Project("{FAE04EC0-301F-11D3-BF4B-00C04F79EFBC}") = "WebApplication9", "WebApplication9\WebApplication9.csproj", "{ACE9F18E-3DAA-40E1-8C2B-687DD33701BC}"
EndProject
Global
	GlobalSection(SolutionConfigurationPlatforms) = preSolution
		Debug|Any CPU = Debug|Any CPU
		Release|Any CPU = Release|Any CPU
	EndGlobalSection
	GlobalSection(ProjectConfigurationPlatforms) = postSolution
		{ACE9F18E-3DAA-40E1-8C2B-687DD33701BC}.Debug|Any CPU.ActiveCfg = Debug|Any CPU
		{ACE9F18E-3DAA-40E1-8C2B-687DD33701BC}.Debug|Any CPU.Build.0 = Debug|Any CPU
		{ACE9F18E-3DAA-40E1-8C2B-687DD33701BC}.Release|Any CPU.ActiveCfg = Release|Any CPU
		{ACE9F18E-3DAA-40E1-8C2B-687DD33701BC}.Release|Any CPU.Build.0 = Release|Any CPU
	EndGlobalSection
	GlobalSection(SolutionProperties) = preSolution
		HideSolutionNode = FALSE
	EndGlobalSection
	GlobalSection(ExtensibilityGlobals) = postSolution
		SolutionGuid = {886476FB-3B80-4D2F-B8A2-9FE2AB431847}
	EndGlobalSection
EndGlobal
